
Microsoft Visual Studio Solution File, Format Version 12.00
# Visual Studio 15
VisualStudioVersion = 15.0.27130.2036
MinimumVisualStudioVersion = 10.0.40219.1
Project("{FAE04EC0-301F-11D3-BF4B-00C04F79EFBC}") = "AnalisisDeVenta", "AnalisisDeVenta\AnalisisDeVenta.csproj", "{4FD9942E-0DED-49D5-BA21-BA6B68F10E68}"
EndProject
Project("{FAE04EC0-301F-11D3-BF4B-00C04F79EFBC}") = "AnalisisDeCartera", "AnalisisDeCartera\AnalisisDeCartera.csproj", "{50FB6FED-2639-4372-8553-4D7AD49DEC96}"
EndProject
Project("{FAE04EC0-301F-11D3-BF4B-00C04F79EFBC}") = "PvTrasladosBodega", "TrasladoDeBodega\PvTrasladosBodega.csproj", "{3C61A872-D191-4B83-9D43-A4D4842E30EE}"
EndProject
Project("{FAE04EC0-301F-11D3-BF4B-00C04F79EFBC}") = "PvReimprimeFacturaNC", "PvReimprimeFacturaNC\PvReimprimeFacturaNC.csproj", "{8CBEA96C-84D2-4A52-A4F2-56E9C67E8AC5}"
EndProject
Project("{FAE04EC0-301F-11D3-BF4B-00C04F79EFBC}") = "RecibosDeCaja", "RecibosDeCaja_Anticipos\RecibosDeCaja.csproj", "{FE195D33-828D-45DF-AB2F-6F4008DE8271}"
EndProject
Project("{FAE04EC0-301F-11D3-BF4B-00C04F79EFBC}") = "RCajaAnticipos", "RCajaAnticipos\RCajaAnticipos.csproj", "{DC32BB4C-D4AA-4F74-B0CF-64FDF055CAB0}"
EndProject
Project("{FAE04EC0-301F-11D3-BF4B-00C04F79EFBC}") = "MaestrasCoCuentas", "MaestrasCoCuentas\MaestrasCoCuentas.csproj", "{24718548-CC3E-42E2-AF87-3BF7C6DAE4EB}"
EndProject
Project("{FAE04EC0-301F-11D3-BF4B-00C04F79EFBC}") = "InBuscarReferencia", "InBuscarReferencia\InBuscarReferencia.csproj", "{CD388D19-2973-45A1-89F9-335211AC0B43}"
EndProject
Project("{FAE04EC0-301F-11D3-BF4B-00C04F79EFBC}") = "FormasDePago", "FormasDePago\FormasDePago.csproj", "{251D88B5-E819-49E3-8904-246EDF0AB33B}"
EndProject
Project("{FAE04EC0-301F-11D3-BF4B-00C04F79EFBC}") = "SeguimientoCliente", "SeguimientoCliente\SeguimientoCliente.csproj", "{3CA1389F-F030-4725-983D-F1530CE3B02B}"
EndProject
Project("{FAE04EC0-301F-11D3-BF4B-00C04F79EFBC}") = "Auditoria", "Auditoria\Auditoria.csproj", "{CB135EF6-106D-4445-9087-F918A5D9CB6C}"
EndProject
Project("{FAE04EC0-301F-11D3-BF4B-00C04F79EFBC}") = "ClienteCelebracion", "ClienteCelebracion\ClienteCelebracion.csproj", "{C4DB3E76-74A4-4D11-AC02-826FFFB4085A}"
EndProject
Project("{FAE04EC0-301F-11D3-BF4B-00C04F79EFBC}") = "PuntosActulizacion", "PuntosActulizacion\PuntosActulizacion.csproj", "{807606F7-EE68-40B4-81DB-919D33AEE0C2}"
EndProject
Project("{FAE04EC0-301F-11D3-BF4B-00C04F79EFBC}") = "CuentaPersonas", "CuentaPersonas\CuentaPersonas.csproj", "{1FC7DB0B-8F35-433F-B528-78A1113E8C36}"
EndProject
Project("{FAE04EC0-301F-11D3-BF4B-00C04F79EFBC}") = "AsignacionClientes", "AsignacionClientes\AsignacionClientes.csproj", "{04FC37C8-1B78-48B0-89A5-14CE117E7CA7}"
EndProject
Project("{FAE04EC0-301F-11D3-BF4B-00C04F79EFBC}") = "CampaComercial", "CampaComercial\CampaComercial.csproj", "{1A6EAC2A-3BEE-44E9-8664-7E6E65B5FBD0}"
EndProject
Project("{FAE04EC0-301F-11D3-BF4B-00C04F79EFBC}") = "AnalisisPV", "AnalisisPV\AnalisisPV.csproj", "{A95C6385-E751-46A4-BD06-31A5A42E4FDA}"
EndProject
Project("{FAE04EC0-301F-11D3-BF4B-00C04F79EFBC}") = "AsignacionCampa", "AsignacionCampa\AsignacionCampa.csproj", "{464EEAB3-6446-4989-B56D-B5BAA9C2661F}"
EndProject
Project("{FAE04EC0-301F-11D3-BF4B-00C04F79EFBC}") = "InformeMarca", "InformeMarca\InformeMarca.csproj", "{2E7AC94B-802F-4015-AA81-9246895F7515}"
EndProject
Project("{FAE04EC0-301F-11D3-BF4B-00C04F79EFBC}") = "InformeCumple", "InformeCumple\InformeCumple.csproj", "{78E07E70-5DE1-4AC1-8789-01B5E2A14615}"
EndProject
Project("{FAE04EC0-301F-11D3-BF4B-00C04F79EFBC}") = "InformeCampa", "InformeCampa\InformeCampa.csproj", "{A1493CDB-0428-48CB-AB13-A57E30ECAD8F}"
EndProject
Project("{FAE04EC0-301F-11D3-BF4B-00C04F79EFBC}") = "InformeCliNuevos", "InformeCliNuevos\InformeCliNuevos.csproj", "{77D3DE21-6C9B-41E3-B686-CE985433C801}"
EndProject
Project("{FAE04EC0-301F-11D3-BF4B-00C04F79EFBC}") = "InformeMejoresClientes", "InformeMejoresClientes\InformeMejoresClientes.csproj", "{75B2B5EA-FA53-49A0-943E-62EDBFFE1BBB}"
EndProject
Project("{FAE04EC0-301F-11D3-BF4B-00C04F79EFBC}") = "ConfiguracionCRM", "ConfiguracionCRM\ConfiguracionCRM.csproj", "{6896C234-FA67-43D8-BBA9-ABFAED48F9D2}"
EndProject
Project("{FAE04EC0-301F-11D3-BF4B-00C04F79EFBC}") = "InformeEfectividad", "InformeEfectividad\InformeEfectividad.csproj", "{A2936BDA-2500-4035-AC78-38059AEE5ECD}"
EndProject
Project("{FAE04EC0-301F-11D3-BF4B-00C04F79EFBC}") = "InformeSegCompra", "InformeSegCompra\InformeSegCompra.csproj", "{8BE106E1-FBEA-4B6F-84B1-1D5437060559}"
EndProject
Project("{FAE04EC0-301F-11D3-BF4B-00C04F79EFBC}") = "Sebastian", "Sebastian\Sebastian.csproj", "{ABB62572-A408-4D30-A27C-07C0D6538C15}"
EndProject
Global
	GlobalSection(SolutionConfigurationPlatforms) = preSolution
		Debug|Any CPU = Debug|Any CPU
		Release|Any CPU = Release|Any CPU
	EndGlobalSection
	GlobalSection(ProjectConfigurationPlatforms) = postSolution
		{4FD9942E-0DED-49D5-BA21-BA6B68F10E68}.Debug|Any CPU.ActiveCfg = Debug|Any CPU
		{4FD9942E-0DED-49D5-BA21-BA6B68F10E68}.Debug|Any CPU.Build.0 = Debug|Any CPU
		{4FD9942E-0DED-49D5-BA21-BA6B68F10E68}.Release|Any CPU.ActiveCfg = Release|Any CPU
		{4FD9942E-0DED-49D5-BA21-BA6B68F10E68}.Release|Any CPU.Build.0 = Release|Any CPU
		{50FB6FED-2639-4372-8553-4D7AD49DEC96}.Debug|Any CPU.ActiveCfg = Debug|Any CPU
		{50FB6FED-2639-4372-8553-4D7AD49DEC96}.Debug|Any CPU.Build.0 = Debug|Any CPU
		{50FB6FED-2639-4372-8553-4D7AD49DEC96}.Release|Any CPU.ActiveCfg = Release|Any CPU
		{50FB6FED-2639-4372-8553-4D7AD49DEC96}.Release|Any CPU.Build.0 = Release|Any CPU
		{3C61A872-D191-4B83-9D43-A4D4842E30EE}.Debug|Any CPU.ActiveCfg = Debug|Any CPU
		{3C61A872-D191-4B83-9D43-A4D4842E30EE}.Debug|Any CPU.Build.0 = Debug|Any CPU
		{3C61A872-D191-4B83-9D43-A4D4842E30EE}.Release|Any CPU.ActiveCfg = Release|Any CPU
		{3C61A872-D191-4B83-9D43-A4D4842E30EE}.Release|Any CPU.Build.0 = Release|Any CPU
		{8CBEA96C-84D2-4A52-A4F2-56E9C67E8AC5}.Debug|Any CPU.ActiveCfg = Debug|Any CPU
		{8CBEA96C-84D2-4A52-A4F2-56E9C67E8AC5}.Debug|Any CPU.Build.0 = Debug|Any CPU
		{8CBEA96C-84D2-4A52-A4F2-56E9C67E8AC5}.Release|Any CPU.ActiveCfg = Release|Any CPU
		{8CBEA96C-84D2-4A52-A4F2-56E9C67E8AC5}.Release|Any CPU.Build.0 = Release|Any CPU
		{FE195D33-828D-45DF-AB2F-6F4008DE8271}.Debug|Any CPU.ActiveCfg = Debug|Any CPU
		{FE195D33-828D-45DF-AB2F-6F4008DE8271}.Debug|Any CPU.Build.0 = Debug|Any CPU
		{FE195D33-828D-45DF-AB2F-6F4008DE8271}.Release|Any CPU.ActiveCfg = Release|Any CPU
		{FE195D33-828D-45DF-AB2F-6F4008DE8271}.Release|Any CPU.Build.0 = Release|Any CPU
		{DC32BB4C-D4AA-4F74-B0CF-64FDF055CAB0}.Debug|Any CPU.ActiveCfg = Debug|Any CPU
		{DC32BB4C-D4AA-4F74-B0CF-64FDF055CAB0}.Debug|Any CPU.Build.0 = Debug|Any CPU
		{DC32BB4C-D4AA-4F74-B0CF-64FDF055CAB0}.Release|Any CPU.ActiveCfg = Release|Any CPU
		{DC32BB4C-D4AA-4F74-B0CF-64FDF055CAB0}.Release|Any CPU.Build.0 = Release|Any CPU
		{24718548-CC3E-42E2-AF87-3BF7C6DAE4EB}.Debug|Any CPU.ActiveCfg = Debug|Any CPU
		{24718548-CC3E-42E2-AF87-3BF7C6DAE4EB}.Debug|Any CPU.Build.0 = Debug|Any CPU
		{24718548-CC3E-42E2-AF87-3BF7C6DAE4EB}.Release|Any CPU.ActiveCfg = Release|Any CPU
		{24718548-CC3E-42E2-AF87-3BF7C6DAE4EB}.Release|Any CPU.Build.0 = Release|Any CPU
		{CD388D19-2973-45A1-89F9-335211AC0B43}.Debug|Any CPU.ActiveCfg = Debug|Any CPU
		{CD388D19-2973-45A1-89F9-335211AC0B43}.Debug|Any CPU.Build.0 = Debug|Any CPU
		{CD388D19-2973-45A1-89F9-335211AC0B43}.Release|Any CPU.ActiveCfg = Release|Any CPU
		{CD388D19-2973-45A1-89F9-335211AC0B43}.Release|Any CPU.Build.0 = Release|Any CPU
		{251D88B5-E819-49E3-8904-246EDF0AB33B}.Debug|Any CPU.ActiveCfg = Debug|Any CPU
		{251D88B5-E819-49E3-8904-246EDF0AB33B}.Debug|Any CPU.Build.0 = Debug|Any CPU
		{251D88B5-E819-49E3-8904-246EDF0AB33B}.Release|Any CPU.ActiveCfg = Release|Any CPU
		{251D88B5-E819-49E3-8904-246EDF0AB33B}.Release|Any CPU.Build.0 = Release|Any CPU
		{3CA1389F-F030-4725-983D-F1530CE3B02B}.Debug|Any CPU.ActiveCfg = Debug|Any CPU
		{3CA1389F-F030-4725-983D-F1530CE3B02B}.Debug|Any CPU.Build.0 = Debug|Any CPU
		{3CA1389F-F030-4725-983D-F1530CE3B02B}.Release|Any CPU.ActiveCfg = Release|Any CPU
		{3CA1389F-F030-4725-983D-F1530CE3B02B}.Release|Any CPU.Build.0 = Release|Any CPU
		{CB135EF6-106D-4445-9087-F918A5D9CB6C}.Debug|Any CPU.ActiveCfg = Debug|Any CPU
		{CB135EF6-106D-4445-9087-F918A5D9CB6C}.Debug|Any CPU.Build.0 = Debug|Any CPU
		{CB135EF6-106D-4445-9087-F918A5D9CB6C}.Release|Any CPU.ActiveCfg = Release|Any CPU
		{CB135EF6-106D-4445-9087-F918A5D9CB6C}.Release|Any CPU.Build.0 = Release|Any CPU
		{C4DB3E76-74A4-4D11-AC02-826FFFB4085A}.Debug|Any CPU.ActiveCfg = Debug|Any CPU
		{C4DB3E76-74A4-4D11-AC02-826FFFB4085A}.Debug|Any CPU.Build.0 = Debug|Any CPU
		{C4DB3E76-74A4-4D11-AC02-826FFFB4085A}.Release|Any CPU.ActiveCfg = Release|Any CPU
		{C4DB3E76-74A4-4D11-AC02-826FFFB4085A}.Release|Any CPU.Build.0 = Release|Any CPU
		{807606F7-EE68-40B4-81DB-919D33AEE0C2}.Debug|Any CPU.ActiveCfg = Debug|Any CPU
		{807606F7-EE68-40B4-81DB-919D33AEE0C2}.Debug|Any CPU.Build.0 = Debug|Any CPU
		{807606F7-EE68-40B4-81DB-919D33AEE0C2}.Release|Any CPU.ActiveCfg = Release|Any CPU
		{807606F7-EE68-40B4-81DB-919D33AEE0C2}.Release|Any CPU.Build.0 = Release|Any CPU
		{1FC7DB0B-8F35-433F-B528-78A1113E8C36}.Debug|Any CPU.ActiveCfg = Debug|Any CPU
		{1FC7DB0B-8F35-433F-B528-78A1113E8C36}.Debug|Any CPU.Build.0 = Debug|Any CPU
		{1FC7DB0B-8F35-433F-B528-78A1113E8C36}.Release|Any CPU.ActiveCfg = Release|Any CPU
		{1FC7DB0B-8F35-433F-B528-78A1113E8C36}.Release|Any CPU.Build.0 = Release|Any CPU
		{04FC37C8-1B78-48B0-89A5-14CE117E7CA7}.Debug|Any CPU.ActiveCfg = Debug|Any CPU
		{04FC37C8-1B78-48B0-89A5-14CE117E7CA7}.Debug|Any CPU.Build.0 = Debug|Any CPU
		{04FC37C8-1B78-48B0-89A5-14CE117E7CA7}.Release|Any CPU.ActiveCfg = Release|Any CPU
		{04FC37C8-1B78-48B0-89A5-14CE117E7CA7}.Release|Any CPU.Build.0 = Release|Any CPU
		{1A6EAC2A-3BEE-44E9-8664-7E6E65B5FBD0}.Debug|Any CPU.ActiveCfg = Debug|Any CPU
		{1A6EAC2A-3BEE-44E9-8664-7E6E65B5FBD0}.Debug|Any CPU.Build.0 = Debug|Any CPU
		{1A6EAC2A-3BEE-44E9-8664-7E6E65B5FBD0}.Release|Any CPU.ActiveCfg = Release|Any CPU
		{1A6EAC2A-3BEE-44E9-8664-7E6E65B5FBD0}.Release|Any CPU.Build.0 = Release|Any CPU
		{A95C6385-E751-46A4-BD06-31A5A42E4FDA}.Debug|Any CPU.ActiveCfg = Debug|Any CPU
		{A95C6385-E751-46A4-BD06-31A5A42E4FDA}.Debug|Any CPU.Build.0 = Debug|Any CPU
		{A95C6385-E751-46A4-BD06-31A5A42E4FDA}.Release|Any CPU.ActiveCfg = Release|Any CPU
		{A95C6385-E751-46A4-BD06-31A5A42E4FDA}.Release|Any CPU.Build.0 = Release|Any CPU
		{464EEAB3-6446-4989-B56D-B5BAA9C2661F}.Debug|Any CPU.ActiveCfg = Debug|Any CPU
		{464EEAB3-6446-4989-B56D-B5BAA9C2661F}.Debug|Any CPU.Build.0 = Debug|Any CPU
		{464EEAB3-6446-4989-B56D-B5BAA9C2661F}.Release|Any CPU.ActiveCfg = Release|Any CPU
		{464EEAB3-6446-4989-B56D-B5BAA9C2661F}.Release|Any CPU.Build.0 = Release|Any CPU
		{2E7AC94B-802F-4015-AA81-9246895F7515}.Debug|Any CPU.ActiveCfg = Debug|Any CPU
		{2E7AC94B-802F-4015-AA81-9246895F7515}.Debug|Any CPU.Build.0 = Debug|Any CPU
		{2E7AC94B-802F-4015-AA81-9246895F7515}.Release|Any CPU.ActiveCfg = Release|Any CPU
		{2E7AC94B-802F-4015-AA81-9246895F7515}.Release|Any CPU.Build.0 = Release|Any CPU
		{78E07E70-5DE1-4AC1-8789-01B5E2A14615}.Debug|Any CPU.ActiveCfg = Debug|Any CPU
		{78E07E70-5DE1-4AC1-8789-01B5E2A14615}.Debug|Any CPU.Build.0 = Debug|Any CPU
		{78E07E70-5DE1-4AC1-8789-01B5E2A14615}.Release|Any CPU.ActiveCfg = Release|Any CPU
		{78E07E70-5DE1-4AC1-8789-01B5E2A14615}.Release|Any CPU.Build.0 = Release|Any CPU
		{A1493CDB-0428-48CB-AB13-A57E30ECAD8F}.Debug|Any CPU.ActiveCfg = Debug|Any CPU
		{A1493CDB-0428-48CB-AB13-A57E30ECAD8F}.Debug|Any CPU.Build.0 = Debug|Any CPU
		{A1493CDB-0428-48CB-AB13-A57E30ECAD8F}.Release|Any CPU.ActiveCfg = Release|Any CPU
		{A1493CDB-0428-48CB-AB13-A57E30ECAD8F}.Release|Any CPU.Build.0 = Release|Any CPU
		{77D3DE21-6C9B-41E3-B686-CE985433C801}.Debug|Any CPU.ActiveCfg = Debug|Any CPU
		{77D3DE21-6C9B-41E3-B686-CE985433C801}.Debug|Any CPU.Build.0 = Debug|Any CPU
		{77D3DE21-6C9B-41E3-B686-CE985433C801}.Release|Any CPU.ActiveCfg = Release|Any CPU
		{77D3DE21-6C9B-41E3-B686-CE985433C801}.Release|Any CPU.Build.0 = Release|Any CPU
		{75B2B5EA-FA53-49A0-943E-62EDBFFE1BBB}.Debug|Any CPU.ActiveCfg = Debug|Any CPU
		{75B2B5EA-FA53-49A0-943E-62EDBFFE1BBB}.Debug|Any CPU.Build.0 = Debug|Any CPU
		{75B2B5EA-FA53-49A0-943E-62EDBFFE1BBB}.Release|Any CPU.ActiveCfg = Release|Any CPU
		{75B2B5EA-FA53-49A0-943E-62EDBFFE1BBB}.Release|Any CPU.Build.0 = Release|Any CPU
		{6896C234-FA67-43D8-BBA9-ABFAED48F9D2}.Debug|Any CPU.ActiveCfg = Debug|Any CPU
		{6896C234-FA67-43D8-BBA9-ABFAED48F9D2}.Debug|Any CPU.Build.0 = Debug|Any CPU
		{6896C234-FA67-43D8-BBA9-ABFAED48F9D2}.Release|Any CPU.ActiveCfg = Release|Any CPU
		{6896C234-FA67-43D8-BBA9-ABFAED48F9D2}.Release|Any CPU.Build.0 = Release|Any CPU
		{A2936BDA-2500-4035-AC78-38059AEE5ECD}.Debug|Any CPU.ActiveCfg = Debug|Any CPU
		{A2936BDA-2500-4035-AC78-38059AEE5ECD}.Debug|Any CPU.Build.0 = Debug|Any CPU
		{A2936BDA-2500-4035-AC78-38059AEE5ECD}.Release|Any CPU.ActiveCfg = Release|Any CPU
		{A2936BDA-2500-4035-AC78-38059AEE5ECD}.Release|Any CPU.Build.0 = Release|Any CPU
		{8BE106E1-FBEA-4B6F-84B1-1D5437060559}.Debug|Any CPU.ActiveCfg = Debug|Any CPU
		{8BE106E1-FBEA-4B6F-84B1-1D5437060559}.Debug|Any CPU.Build.0 = Debug|Any CPU
		{8BE106E1-FBEA-4B6F-84B1-1D5437060559}.Release|Any CPU.ActiveCfg = Release|Any CPU
		{8BE106E1-FBEA-4B6F-84B1-1D5437060559}.Release|Any CPU.Build.0 = Release|Any CPU
		{ABB62572-A408-4D30-A27C-07C0D6538C15}.Debug|Any CPU.ActiveCfg = Debug|Any CPU
		{ABB62572-A408-4D30-A27C-07C0D6538C15}.Debug|Any CPU.Build.0 = Debug|Any CPU
		{ABB62572-A408-4D30-A27C-07C0D6538C15}.Release|Any CPU.ActiveCfg = Release|Any CPU
		{ABB62572-A408-4D30-A27C-07C0D6538C15}.Release|Any CPU.Build.0 = Release|Any CPU
	EndGlobalSection
	GlobalSection(SolutionProperties) = preSolution
		HideSolutionNode = FALSE
	EndGlobalSection
	GlobalSection(ExtensibilityGlobals) = postSolution
		SolutionGuid = {72F76691-1DD0-4A02-AA1C-477E220DBB83}
	EndGlobalSection
EndGlobal
